
Microsoft Visual Studio Solution File, Format Version 12.00
# Visual Studio 2013
VisualStudioVersion = 12.0.21005.1
MinimumVisualStudioVersion = 10.0.40219.1
Project("{FAE04EC0-301F-11D3-BF4B-00C04F79EFBC}") = "01. NumbersFrom1ToN", "NumbersFrom1ToN\01. NumbersFrom1ToN.csproj", "{AA995A56-B4F7-4790-9F25-1021D9A81FBE}"
EndProject
Project("{FAE04EC0-301F-11D3-BF4B-00C04F79EFBC}") = "02. NotDivisibleBy3And7", "NotDivisibleBy3And7\02. NotDivisibleBy3And7.csproj", "{97AA165A-1BDF-45B8-9AE1-174B86BD0747}"
EndProject
Project("{FAE04EC0-301F-11D3-BF4B-00C04F79EFBC}") = "03. MinMaxSumAverage", "MinMaxSumAverage\03. MinMaxSumAverage.csproj", "{643DA960-5413-4226-A216-710FD9D2076B}"
EndProject
Project("{FAE04EC0-301F-11D3-BF4B-00C04F79EFBC}") = "04. PrintDeck52Cards", "PrintDeck52Cards\04. PrintDeck52Cards.csproj", "{E097A4FE-F335-4E13-879B-B0A688611A9F}"
EndProject
Project("{FAE04EC0-301F-11D3-BF4B-00C04F79EFBC}") = "05. FactorialSum", "FactorialSum\05. FactorialSum.csproj", "{9BD754A2-14CB-40EF-B83F-5DC9470B947F}"
EndProject
Project("{FAE04EC0-301F-11D3-BF4B-00C04F79EFBC}") = "06. FactorialDivision", "FactorialDivision\06. FactorialDivision.csproj", "{A0EB696D-A172-4D9A-B51B-14478FAFFD07}"
EndProject
Project("{FAE04EC0-301F-11D3-BF4B-00C04F79EFBC}") = "07. Combinations", "Combinations\07. Combinations.csproj", "{CF8AD81F-4FDD-41AC-8A79-185A21AA19A1}"
EndProject
Project("{FAE04EC0-301F-11D3-BF4B-00C04F79EFBC}") = "08. CatalanNumbers", "CatalanNumbers\08. CatalanNumbers.csproj", "{1DFB0BA8-8EBD-4CC6-ACD9-D0AFBD240556}"
EndProject
Project("{FAE04EC0-301F-11D3-BF4B-00C04F79EFBC}") = "09. MatrixOfNumbers", "MatrixOfNumbers\09. MatrixOfNumbers.csproj", "{8F2A3B4B-8BF7-4B1F-9045-0DCB54DD0A50}"
EndProject
Project("{FAE04EC0-301F-11D3-BF4B-00C04F79EFBC}") = "10. OddAndEvenProduct", "OddAndEvenProduct\10. OddAndEvenProduct.csproj", "{67518E06-430D-4D67-9167-DAC701F48231}"
EndProject
Project("{FAE04EC0-301F-11D3-BF4B-00C04F79EFBC}") = "11. RandomNumbersInRange", "RandomNumbersInRange\11. RandomNumbersInRange.csproj", "{6A50107F-3A66-4091-897C-E53FDEF36974}"
EndProject
Project("{FAE04EC0-301F-11D3-BF4B-00C04F79EFBC}") = "12. RandomizeNumbers", "RandomizeNumbers\12. RandomizeNumbers.csproj", "{49DD3BC3-1C42-4246-AAED-6EB4277FDE30}"
EndProject
Project("{FAE04EC0-301F-11D3-BF4B-00C04F79EFBC}") = "13. BinaryToDecimal", "BinaryToDecimal\13. BinaryToDecimal.csproj", "{01A42577-EAF8-4877-9DC1-60F6E17326A3}"
EndProject
Project("{FAE04EC0-301F-11D3-BF4B-00C04F79EFBC}") = "14. DecimalToBinary", "DecimalToBinary\14. DecimalToBinary.csproj", "{E15D3C62-3391-42DC-995C-8890E704ED97}"
EndProject
Project("{FAE04EC0-301F-11D3-BF4B-00C04F79EFBC}") = "15. HexadecimalToDecimal", "HexadecimalToDecimal\15. HexadecimalToDecimal.csproj", "{5A351490-188D-4F1A-9919-D328592DA975}"
EndProject
Project("{FAE04EC0-301F-11D3-BF4B-00C04F79EFBC}") = "16. DecimalToHexadecimal", "DecimalToHexadecimal\16. DecimalToHexadecimal.csproj", "{9EE83AAB-A01E-404B-8330-72F5E56793BA}"
EndProject
Global
	GlobalSection(SolutionConfigurationPlatforms) = preSolution
		Debug|Any CPU = Debug|Any CPU
		Release|Any CPU = Release|Any CPU
	EndGlobalSection
	GlobalSection(ProjectConfigurationPlatforms) = postSolution
		{AA995A56-B4F7-4790-9F25-1021D9A81FBE}.Debug|Any CPU.ActiveCfg = Debug|Any CPU
		{AA995A56-B4F7-4790-9F25-1021D9A81FBE}.Debug|Any CPU.Build.0 = Debug|Any CPU
		{AA995A56-B4F7-4790-9F25-1021D9A81FBE}.Release|Any CPU.ActiveCfg = Release|Any CPU
		{AA995A56-B4F7-4790-9F25-1021D9A81FBE}.Release|Any CPU.Build.0 = Release|Any CPU
		{97AA165A-1BDF-45B8-9AE1-174B86BD0747}.Debug|Any CPU.ActiveCfg = Debug|Any CPU
		{97AA165A-1BDF-45B8-9AE1-174B86BD0747}.Debug|Any CPU.Build.0 = Debug|Any CPU
		{97AA165A-1BDF-45B8-9AE1-174B86BD0747}.Release|Any CPU.ActiveCfg = Release|Any CPU
		{97AA165A-1BDF-45B8-9AE1-174B86BD0747}.Release|Any CPU.Build.0 = Release|Any CPU
		{643DA960-5413-4226-A216-710FD9D2076B}.Debug|Any CPU.ActiveCfg = Debug|Any CPU
		{643DA960-5413-4226-A216-710FD9D2076B}.Debug|Any CPU.Build.0 = Debug|Any CPU
		{643DA960-5413-4226-A216-710FD9D2076B}.Release|Any CPU.ActiveCfg = Release|Any CPU
		{643DA960-5413-4226-A216-710FD9D2076B}.Release|Any CPU.Build.0 = Release|Any CPU
		{E097A4FE-F335-4E13-879B-B0A688611A9F}.Debug|Any CPU.ActiveCfg = Debug|Any CPU
		{E097A4FE-F335-4E13-879B-B0A688611A9F}.Debug|Any CPU.Build.0 = Debug|Any CPU
		{E097A4FE-F335-4E13-879B-B0A688611A9F}.Release|Any CPU.ActiveCfg = Release|Any CPU
		{E097A4FE-F335-4E13-879B-B0A688611A9F}.Release|Any CPU.Build.0 = Release|Any CPU
		{9BD754A2-14CB-40EF-B83F-5DC9470B947F}.Debug|Any CPU.ActiveCfg = Debug|Any CPU
		{9BD754A2-14CB-40EF-B83F-5DC9470B947F}.Debug|Any CPU.Build.0 = Debug|Any CPU
		{9BD754A2-14CB-40EF-B83F-5DC9470B947F}.Release|Any CPU.ActiveCfg = Release|Any CPU
		{9BD754A2-14CB-40EF-B83F-5DC9470B947F}.Release|Any CPU.Build.0 = Release|Any CPU
		{A0EB696D-A172-4D9A-B51B-14478FAFFD07}.Debug|Any CPU.ActiveCfg = Debug|Any CPU
		{A0EB696D-A172-4D9A-B51B-14478FAFFD07}.Debug|Any CPU.Build.0 = Debug|Any CPU
		{A0EB696D-A172-4D9A-B51B-14478FAFFD07}.Release|Any CPU.ActiveCfg = Release|Any CPU
		{A0EB696D-A172-4D9A-B51B-14478FAFFD07}.Release|Any CPU.Build.0 = Release|Any CPU
		{CF8AD81F-4FDD-41AC-8A79-185A21AA19A1}.Debug|Any CPU.ActiveCfg = Debug|Any CPU
		{CF8AD81F-4FDD-41AC-8A79-185A21AA19A1}.Debug|Any CPU.Build.0 = Debug|Any CPU
		{CF8AD81F-4FDD-41AC-8A79-185A21AA19A1}.Release|Any CPU.ActiveCfg = Release|Any CPU
		{CF8AD81F-4FDD-41AC-8A79-185A21AA19A1}.Release|Any CPU.Build.0 = Release|Any CPU
		{1DFB0BA8-8EBD-4CC6-ACD9-D0AFBD240556}.Debug|Any CPU.ActiveCfg = Debug|Any CPU
		{1DFB0BA8-8EBD-4CC6-ACD9-D0AFBD240556}.Debug|Any CPU.Build.0 = Debug|Any CPU
		{1DFB0BA8-8EBD-4CC6-ACD9-D0AFBD240556}.Release|Any CPU.ActiveCfg = Release|Any CPU
		{1DFB0BA8-8EBD-4CC6-ACD9-D0AFBD240556}.Release|Any CPU.Build.0 = Release|Any CPU
		{8F2A3B4B-8BF7-4B1F-9045-0DCB54DD0A50}.Debug|Any CPU.ActiveCfg = Debug|Any CPU
		{8F2A3B4B-8BF7-4B1F-9045-0DCB54DD0A50}.Debug|Any CPU.Build.0 = Debug|Any CPU
		{8F2A3B4B-8BF7-4B1F-9045-0DCB54DD0A50}.Release|Any CPU.ActiveCfg = Release|Any CPU
		{8F2A3B4B-8BF7-4B1F-9045-0DCB54DD0A50}.Release|Any CPU.Build.0 = Release|Any CPU
		{67518E06-430D-4D67-9167-DAC701F48231}.Debug|Any CPU.ActiveCfg = Debug|Any CPU
		{67518E06-430D-4D67-9167-DAC701F48231}.Debug|Any CPU.Build.0 = Debug|Any CPU
		{67518E06-430D-4D67-9167-DAC701F48231}.Release|Any CPU.ActiveCfg = Release|Any CPU
		{67518E06-430D-4D67-9167-DAC701F48231}.Release|Any CPU.Build.0 = Release|Any CPU
		{6A50107F-3A66-4091-897C-E53FDEF36974}.Debug|Any CPU.ActiveCfg = Debug|Any CPU
		{6A50107F-3A66-4091-897C-E53FDEF36974}.Debug|Any CPU.Build.0 = Debug|Any CPU
		{6A50107F-3A66-4091-897C-E53FDEF36974}.Release|Any CPU.ActiveCfg = Release|Any CPU
		{6A50107F-3A66-4091-897C-E53FDEF36974}.Release|Any CPU.Build.0 = Release|Any CPU
		{49DD3BC3-1C42-4246-AAED-6EB4277FDE30}.Debug|Any CPU.ActiveCfg = Debug|Any CPU
		{49DD3BC3-1C42-4246-AAED-6EB4277FDE30}.Debug|Any CPU.Build.0 = Debug|Any CPU
		{49DD3BC3-1C42-4246-AAED-6EB4277FDE30}.Release|Any CPU.ActiveCfg = Release|Any CPU
		{49DD3BC3-1C42-4246-AAED-6EB4277FDE30}.Release|Any CPU.Build.0 = Release|Any CPU
		{01A42577-EAF8-4877-9DC1-60F6E17326A3}.Debug|Any CPU.ActiveCfg = Debug|Any CPU
		{01A42577-EAF8-4877-9DC1-60F6E17326A3}.Debug|Any CPU.Build.0 = Debug|Any CPU
		{01A42577-EAF8-4877-9DC1-60F6E17326A3}.Release|Any CPU.ActiveCfg = Release|Any CPU
		{01A42577-EAF8-4877-9DC1-60F6E17326A3}.Release|Any CPU.Build.0 = Release|Any CPU
		{E15D3C62-3391-42DC-995C-8890E704ED97}.Debug|Any CPU.ActiveCfg = Debug|Any CPU
		{E15D3C62-3391-42DC-995C-8890E704ED97}.Debug|Any CPU.Build.0 = Debug|Any CPU
		{E15D3C62-3391-42DC-995C-8890E704ED97}.Release|Any CPU.ActiveCfg = Release|Any CPU
		{E15D3C62-3391-42DC-995C-8890E704ED97}.Release|Any CPU.Build.0 = Release|Any CPU
		{5A351490-188D-4F1A-9919-D328592DA975}.Debug|Any CPU.ActiveCfg = Debug|Any CPU
		{5A351490-188D-4F1A-9919-D328592DA975}.Debug|Any CPU.Build.0 = Debug|Any CPU
		{5A351490-188D-4F1A-9919-D328592DA975}.Release|Any CPU.ActiveCfg = Release|Any CPU
		{5A351490-188D-4F1A-9919-D328592DA975}.Release|Any CPU.Build.0 = Release|Any CPU
		{9EE83AAB-A01E-404B-8330-72F5E56793BA}.Debug|Any CPU.ActiveCfg = Debug|Any CPU
		{9EE83AAB-A01E-404B-8330-72F5E56793BA}.Debug|Any CPU.Build.0 = Debug|Any CPU
		{9EE83AAB-A01E-404B-8330-72F5E56793BA}.Release|Any CPU.ActiveCfg = Release|Any CPU
		{9EE83AAB-A01E-404B-8330-72F5E56793BA}.Release|Any CPU.Build.0 = Release|Any CPU
	EndGlobalSection
	GlobalSection(SolutionProperties) = preSolution
		HideSolutionNode = FALSE
	EndGlobalSection
EndGlobal
