
Microsoft Visual Studio Solution File, Format Version 12.00
# Visual Studio 2013
VisualStudioVersion = 12.0.21005.1
MinimumVisualStudioVersion = 10.0.40219.1
Project("{FAE04EC0-301F-11D3-BF4B-00C04F79EFBC}") = "01. Sum3Numbers", "Sum3Numbers\01. Sum3Numbers.csproj", "{D8AECD4D-E44E-4042-B4BB-66FFEDAEB667}"
EndProject
Project("{FAE04EC0-301F-11D3-BF4B-00C04F79EFBC}") = "02. PrintCompanyInfo", "PrintCompanyInfo\02. PrintCompanyInfo.csproj", "{95B91968-CBA4-4EB1-AD8A-439FEDB33619}"
EndProject
Project("{FAE04EC0-301F-11D3-BF4B-00C04F79EFBC}") = "03. CirclePerimeterAndArea", "CirclePerimeterAndArea\03. CirclePerimeterAndArea.csproj", "{9C3670B4-C9CE-4F2C-920D-100753CB17F5}"
EndProject
Project("{FAE04EC0-301F-11D3-BF4B-00C04F79EFBC}") = "04. NumberComparer", "NumberComparer\04. NumberComparer.csproj", "{A8C0D4DE-4A88-415D-A323-74F1E80CB08A}"
EndProject
Project("{FAE04EC0-301F-11D3-BF4B-00C04F79EFBC}") = "05. FormatNumbers", "FormatNumbers\05. FormatNumbers.csproj", "{E8FF5D77-5DC8-4BC0-A078-C0106FD3DCE5}"
EndProject
Project("{FAE04EC0-301F-11D3-BF4B-00C04F79EFBC}") = "06. QuadraticEquation", "QuadraticEquation\06. QuadraticEquation.csproj", "{F023B1D6-D0F3-4F2F-870D-9D88C5FAC636}"
EndProject
Project("{FAE04EC0-301F-11D3-BF4B-00C04F79EFBC}") = "07. SumOf5Numbers", "SumOf5Numbers\07. SumOf5Numbers.csproj", "{06DAF8F3-3A0A-44D8-A786-E6B6D0846F12}"
EndProject
Global
	GlobalSection(SolutionConfigurationPlatforms) = preSolution
		Debug|Any CPU = Debug|Any CPU
		Release|Any CPU = Release|Any CPU
	EndGlobalSection
	GlobalSection(ProjectConfigurationPlatforms) = postSolution
		{D8AECD4D-E44E-4042-B4BB-66FFEDAEB667}.Debug|Any CPU.ActiveCfg = Debug|Any CPU
		{D8AECD4D-E44E-4042-B4BB-66FFEDAEB667}.Debug|Any CPU.Build.0 = Debug|Any CPU
		{D8AECD4D-E44E-4042-B4BB-66FFEDAEB667}.Release|Any CPU.ActiveCfg = Release|Any CPU
		{D8AECD4D-E44E-4042-B4BB-66FFEDAEB667}.Release|Any CPU.Build.0 = Release|Any CPU
		{95B91968-CBA4-4EB1-AD8A-439FEDB33619}.Debug|Any CPU.ActiveCfg = Debug|Any CPU
		{95B91968-CBA4-4EB1-AD8A-439FEDB33619}.Debug|Any CPU.Build.0 = Debug|Any CPU
		{95B91968-CBA4-4EB1-AD8A-439FEDB33619}.Release|Any CPU.ActiveCfg = Release|Any CPU
		{95B91968-CBA4-4EB1-AD8A-439FEDB33619}.Release|Any CPU.Build.0 = Release|Any CPU
		{9C3670B4-C9CE-4F2C-920D-100753CB17F5}.Debug|Any CPU.ActiveCfg = Debug|Any CPU
		{9C3670B4-C9CE-4F2C-920D-100753CB17F5}.Debug|Any CPU.Build.0 = Debug|Any CPU
		{9C3670B4-C9CE-4F2C-920D-100753CB17F5}.Release|Any CPU.ActiveCfg = Release|Any CPU
		{9C3670B4-C9CE-4F2C-920D-100753CB17F5}.Release|Any CPU.Build.0 = Release|Any CPU
		{A8C0D4DE-4A88-415D-A323-74F1E80CB08A}.Debug|Any CPU.ActiveCfg = Debug|Any CPU
		{A8C0D4DE-4A88-415D-A323-74F1E80CB08A}.Debug|Any CPU.Build.0 = Debug|Any CPU
		{A8C0D4DE-4A88-415D-A323-74F1E80CB08A}.Release|Any CPU.ActiveCfg = Release|Any CPU
		{A8C0D4DE-4A88-415D-A323-74F1E80CB08A}.Release|Any CPU.Build.0 = Release|Any CPU
		{E8FF5D77-5DC8-4BC0-A078-C0106FD3DCE5}.Debug|Any CPU.ActiveCfg = Debug|Any CPU
		{E8FF5D77-5DC8-4BC0-A078-C0106FD3DCE5}.Debug|Any CPU.Build.0 = Debug|Any CPU
		{E8FF5D77-5DC8-4BC0-A078-C0106FD3DCE5}.Release|Any CPU.ActiveCfg = Release|Any CPU
		{E8FF5D77-5DC8-4BC0-A078-C0106FD3DCE5}.Release|Any CPU.Build.0 = Release|Any CPU
		{F023B1D6-D0F3-4F2F-870D-9D88C5FAC636}.Debug|Any CPU.ActiveCfg = Debug|Any CPU
		{F023B1D6-D0F3-4F2F-870D-9D88C5FAC636}.Debug|Any CPU.Build.0 = Debug|Any CPU
		{F023B1D6-D0F3-4F2F-870D-9D88C5FAC636}.Release|Any CPU.ActiveCfg = Release|Any CPU
		{F023B1D6-D0F3-4F2F-870D-9D88C5FAC636}.Release|Any CPU.Build.0 = Release|Any CPU
		{06DAF8F3-3A0A-44D8-A786-E6B6D0846F12}.Debug|Any CPU.ActiveCfg = Debug|Any CPU
		{06DAF8F3-3A0A-44D8-A786-E6B6D0846F12}.Debug|Any CPU.Build.0 = Debug|Any CPU
		{06DAF8F3-3A0A-44D8-A786-E6B6D0846F12}.Release|Any CPU.ActiveCfg = Release|Any CPU
		{06DAF8F3-3A0A-44D8-A786-E6B6D0846F12}.Release|Any CPU.Build.0 = Release|Any CPU
	EndGlobalSection
	GlobalSection(SolutionProperties) = preSolution
		HideSolutionNode = FALSE
	EndGlobalSection
EndGlobal
