
Microsoft Visual Studio Solution File, Format Version 12.00
# Visual Studio 2013
VisualStudioVersion = 12.0.21005.1
MinimumVisualStudioVersion = 10.0.40219.1
Project("{FAE04EC0-301F-11D3-BF4B-00C04F79EFBC}") = "01. ExchangeIfGreater", "ExchangeIfGreater\01. ExchangeIfGreater.csproj", "{1E6F9F0F-E32B-412C-86D8-A1A499085D7C}"
EndProject
Project("{FAE04EC0-301F-11D3-BF4B-00C04F79EFBC}") = "02. BonusScore", "BonusScore\02. BonusScore.csproj", "{D1D164F1-6F65-4908-960A-90F211B8D7B9}"
EndProject
Project("{FAE04EC0-301F-11D3-BF4B-00C04F79EFBC}") = "03. CheckPlayCard", "CheckPlayCard\03. CheckPlayCard.csproj", "{A31482A0-08F3-4DC4-93E7-AACDD8020B46}"
EndProject
Project("{FAE04EC0-301F-11D3-BF4B-00C04F79EFBC}") = "04. MultiplicationSign", "MultiplicationSign\04. MultiplicationSign.csproj", "{DFF4D695-7D0E-46F2-962F-1F9B9D684A8F}"
EndProject
Project("{FAE04EC0-301F-11D3-BF4B-00C04F79EFBC}") = "05. BiggestOf3Numbers", "BiggestOf3Numbers\05. BiggestOf3Numbers.csproj", "{5D3E73ED-A335-426F-8290-374729EB2F23}"
EndProject
Project("{FAE04EC0-301F-11D3-BF4B-00C04F79EFBC}") = "06. BiggestOf5Numbers", "BiggestOf5Numbers\06. BiggestOf5Numbers.csproj", "{A400B719-EE88-494C-8189-36D22746372B}"
EndProject
Project("{FAE04EC0-301F-11D3-BF4B-00C04F79EFBC}") = "07. Sort3Numbers", "Sort3Numbers\07. Sort3Numbers.csproj", "{926C289E-65F5-49B1-9853-A51F7162E7EC}"
EndProject
Project("{FAE04EC0-301F-11D3-BF4B-00C04F79EFBC}") = "08. DigitAsWord", "DigitAsWord\08. DigitAsWord.csproj", "{012CC7D3-7452-4669-A031-61A44DA6A7DC}"
EndProject
Project("{FAE04EC0-301F-11D3-BF4B-00C04F79EFBC}") = "09. IntDoubleString", "IntDoubleString\09. IntDoubleString.csproj", "{AD48E37F-51FA-48FA-B391-1D9CCD728004}"
EndProject
Project("{FAE04EC0-301F-11D3-BF4B-00C04F79EFBC}") = "10. BeerTime", "BeerTime\10. BeerTime.csproj", "{E1CAE139-7FAA-4DF1-B31D-3B0D3BF02ED9}"
EndProject
Project("{FAE04EC0-301F-11D3-BF4B-00C04F79EFBC}") = "11. NumberAsWords", "NumberAsWords\11. NumberAsWords.csproj", "{1ABAA611-DF0C-4EF7-9001-8DE6DB84F050}"
EndProject
Global
	GlobalSection(SolutionConfigurationPlatforms) = preSolution
		Debug|Any CPU = Debug|Any CPU
		Release|Any CPU = Release|Any CPU
	EndGlobalSection
	GlobalSection(ProjectConfigurationPlatforms) = postSolution
		{1E6F9F0F-E32B-412C-86D8-A1A499085D7C}.Debug|Any CPU.ActiveCfg = Debug|Any CPU
		{1E6F9F0F-E32B-412C-86D8-A1A499085D7C}.Debug|Any CPU.Build.0 = Debug|Any CPU
		{1E6F9F0F-E32B-412C-86D8-A1A499085D7C}.Release|Any CPU.ActiveCfg = Release|Any CPU
		{1E6F9F0F-E32B-412C-86D8-A1A499085D7C}.Release|Any CPU.Build.0 = Release|Any CPU
		{D1D164F1-6F65-4908-960A-90F211B8D7B9}.Debug|Any CPU.ActiveCfg = Debug|Any CPU
		{D1D164F1-6F65-4908-960A-90F211B8D7B9}.Debug|Any CPU.Build.0 = Debug|Any CPU
		{D1D164F1-6F65-4908-960A-90F211B8D7B9}.Release|Any CPU.ActiveCfg = Release|Any CPU
		{D1D164F1-6F65-4908-960A-90F211B8D7B9}.Release|Any CPU.Build.0 = Release|Any CPU
		{A31482A0-08F3-4DC4-93E7-AACDD8020B46}.Debug|Any CPU.ActiveCfg = Debug|Any CPU
		{A31482A0-08F3-4DC4-93E7-AACDD8020B46}.Debug|Any CPU.Build.0 = Debug|Any CPU
		{A31482A0-08F3-4DC4-93E7-AACDD8020B46}.Release|Any CPU.ActiveCfg = Release|Any CPU
		{A31482A0-08F3-4DC4-93E7-AACDD8020B46}.Release|Any CPU.Build.0 = Release|Any CPU
		{DFF4D695-7D0E-46F2-962F-1F9B9D684A8F}.Debug|Any CPU.ActiveCfg = Debug|Any CPU
		{DFF4D695-7D0E-46F2-962F-1F9B9D684A8F}.Debug|Any CPU.Build.0 = Debug|Any CPU
		{DFF4D695-7D0E-46F2-962F-1F9B9D684A8F}.Release|Any CPU.ActiveCfg = Release|Any CPU
		{DFF4D695-7D0E-46F2-962F-1F9B9D684A8F}.Release|Any CPU.Build.0 = Release|Any CPU
		{5D3E73ED-A335-426F-8290-374729EB2F23}.Debug|Any CPU.ActiveCfg = Debug|Any CPU
		{5D3E73ED-A335-426F-8290-374729EB2F23}.Debug|Any CPU.Build.0 = Debug|Any CPU
		{5D3E73ED-A335-426F-8290-374729EB2F23}.Release|Any CPU.ActiveCfg = Release|Any CPU
		{5D3E73ED-A335-426F-8290-374729EB2F23}.Release|Any CPU.Build.0 = Release|Any CPU
		{A400B719-EE88-494C-8189-36D22746372B}.Debug|Any CPU.ActiveCfg = Debug|Any CPU
		{A400B719-EE88-494C-8189-36D22746372B}.Debug|Any CPU.Build.0 = Debug|Any CPU
		{A400B719-EE88-494C-8189-36D22746372B}.Release|Any CPU.ActiveCfg = Release|Any CPU
		{A400B719-EE88-494C-8189-36D22746372B}.Release|Any CPU.Build.0 = Release|Any CPU
		{926C289E-65F5-49B1-9853-A51F7162E7EC}.Debug|Any CPU.ActiveCfg = Debug|Any CPU
		{926C289E-65F5-49B1-9853-A51F7162E7EC}.Debug|Any CPU.Build.0 = Debug|Any CPU
		{926C289E-65F5-49B1-9853-A51F7162E7EC}.Release|Any CPU.ActiveCfg = Release|Any CPU
		{926C289E-65F5-49B1-9853-A51F7162E7EC}.Release|Any CPU.Build.0 = Release|Any CPU
		{012CC7D3-7452-4669-A031-61A44DA6A7DC}.Debug|Any CPU.ActiveCfg = Debug|Any CPU
		{012CC7D3-7452-4669-A031-61A44DA6A7DC}.Debug|Any CPU.Build.0 = Debug|Any CPU
		{012CC7D3-7452-4669-A031-61A44DA6A7DC}.Release|Any CPU.ActiveCfg = Release|Any CPU
		{012CC7D3-7452-4669-A031-61A44DA6A7DC}.Release|Any CPU.Build.0 = Release|Any CPU
		{AD48E37F-51FA-48FA-B391-1D9CCD728004}.Debug|Any CPU.ActiveCfg = Debug|Any CPU
		{AD48E37F-51FA-48FA-B391-1D9CCD728004}.Debug|Any CPU.Build.0 = Debug|Any CPU
		{AD48E37F-51FA-48FA-B391-1D9CCD728004}.Release|Any CPU.ActiveCfg = Release|Any CPU
		{AD48E37F-51FA-48FA-B391-1D9CCD728004}.Release|Any CPU.Build.0 = Release|Any CPU
		{E1CAE139-7FAA-4DF1-B31D-3B0D3BF02ED9}.Debug|Any CPU.ActiveCfg = Debug|Any CPU
		{E1CAE139-7FAA-4DF1-B31D-3B0D3BF02ED9}.Debug|Any CPU.Build.0 = Debug|Any CPU
		{E1CAE139-7FAA-4DF1-B31D-3B0D3BF02ED9}.Release|Any CPU.ActiveCfg = Release|Any CPU
		{E1CAE139-7FAA-4DF1-B31D-3B0D3BF02ED9}.Release|Any CPU.Build.0 = Release|Any CPU
		{1ABAA611-DF0C-4EF7-9001-8DE6DB84F050}.Debug|Any CPU.ActiveCfg = Debug|Any CPU
		{1ABAA611-DF0C-4EF7-9001-8DE6DB84F050}.Debug|Any CPU.Build.0 = Debug|Any CPU
		{1ABAA611-DF0C-4EF7-9001-8DE6DB84F050}.Release|Any CPU.ActiveCfg = Release|Any CPU
		{1ABAA611-DF0C-4EF7-9001-8DE6DB84F050}.Release|Any CPU.Build.0 = Release|Any CPU
	EndGlobalSection
	GlobalSection(SolutionProperties) = preSolution
		HideSolutionNode = FALSE
	EndGlobalSection
EndGlobal
